// !$*UTF8*$!
{
	archiveVersion = 1;
	classes = {
	};
	objectVersion = 50;
	objects = {

/* Begin PBXBuildFile section */
		5113ACFB213BEDB200AA90B3 /* AppDelegate.swift in Sources */ = {isa = PBXBuildFile; fileRef = 5113ACFA213BEDB200AA90B3 /* AppDelegate.swift */; };
		5113ACFD213BEDB200AA90B3 /* ViewController.swift in Sources */ = {isa = PBXBuildFile; fileRef = 5113ACFC213BEDB200AA90B3 /* ViewController.swift */; };
		5113AD00213BEDB200AA90B3 /* Main.storyboard in Resources */ = {isa = PBXBuildFile; fileRef = 5113ACFE213BEDB200AA90B3 /* Main.storyboard */; };
		5113AD02213BEDB500AA90B3 /* Assets.xcassets in Resources */ = {isa = PBXBuildFile; fileRef = 5113AD01213BEDB500AA90B3 /* Assets.xcassets */; };
		5113AD05213BEDB500AA90B3 /* LaunchScreen.storyboard in Resources */ = {isa = PBXBuildFile; fileRef = 5113AD03213BEDB500AA90B3 /* LaunchScreen.storyboard */; };
		5113AD10213BEDB600AA90B3 /* My_First_AppTests.swift in Sources */ = {isa = PBXBuildFile; fileRef = 5113AD0F213BEDB600AA90B3 /* My_First_AppTests.swift */; };
		5113AD1B213BEDB600AA90B3 /* My_First_AppUITests.swift in Sources */ = {isa = PBXBuildFile; fileRef = 5113AD1A213BEDB600AA90B3 /* My_First_AppUITests.swift */; };
		5129A2B8213F22AB00C2E5FC /* RoundedButton.swift in Sources */ = {isa = PBXBuildFile; fileRef = 5129A2B7213F22AB00C2E5FC /* RoundedButton.swift */; };
/* End PBXBuildFile section */

/* Begin PBXContainerItemProxy section */
		5113AD0C213BEDB600AA90B3 /* PBXContainerItemProxy */ = {
			isa = PBXContainerItemProxy;
			containerPortal = 5113ACEF213BEDB200AA90B3 /* Project object */;
			proxyType = 1;
			remoteGlobalIDString = 5113ACF6213BEDB200AA90B3;
			remoteInfo = "My First App";
		};
		5113AD17213BEDB600AA90B3 /* PBXContainerItemProxy */ = {
			isa = PBXContainerItemProxy;
			containerPortal = 5113ACEF213BEDB200AA90B3 /* Project object */;
			proxyType = 1;
			remoteGlobalIDString = 5113ACF6213BEDB200AA90B3;
			remoteInfo = "My First App";
		};
/* End PBXContainerItemProxy section */

/* Begin PBXFileReference section */
		5113ACF7213BEDB200AA90B3 /* My First App.app */ = {isa = PBXFileReference; explicitFileType = wrapper.application; includeInIndex = 0; path = "My First App.app"; sourceTree = BUILT_PRODUCTS_DIR; };
		5113ACFA213BEDB200AA90B3 /* AppDelegate.swift */ = {isa = PBXFileReference; lastKnownFileType = sourcecode.swift; path = AppDelegate.swift; sourceTree = "<group>"; };
		5113ACFC213BEDB200AA90B3 /* ViewController.swift */ = {isa = PBXFileReference; lastKnownFileType = sourcecode.swift; path = ViewController.swift; sourceTree = "<group>"; };
		5113ACFF213BEDB200AA90B3 /* Base */ = {isa = PBXFileReference; lastKnownFileType = file.storyboard; name = Base; path = Base.lproj/Main.storyboard; sourceTree = "<group>"; };
		5113AD01213BEDB500AA90B3 /* Assets.xcassets */ = {isa = PBXFileReference; lastKnownFileType = folder.assetcatalog; path = Assets.xcassets; sourceTree = "<group>"; };
		5113AD04213BEDB500AA90B3 /* Base */ = {isa = PBXFileReference; lastKnownFileType = file.storyboard; name = Base; path = Base.lproj/LaunchScreen.storyboard; sourceTree = "<group>"; };
		5113AD06213BEDB600AA90B3 /* Info.plist */ = {isa = PBXFileReference; lastKnownFileType = text.plist.xml; path = Info.plist; sourceTree = "<group>"; };
		5113AD0B213BEDB600AA90B3 /* My First AppTests.xctest */ = {isa = PBXFileReference; explicitFileType = wrapper.cfbundle; includeInIndex = 0; path = "My First AppTests.xctest"; sourceTree = BUILT_PRODUCTS_DIR; };
		5113AD0F213BEDB600AA90B3 /* My_First_AppTests.swift */ = {isa = PBXFileReference; lastKnownFileType = sourcecode.swift; path = My_First_AppTests.swift; sourceTree = "<group>"; };
		5113AD11213BEDB600AA90B3 /* Info.plist */ = {isa = PBXFileReference; lastKnownFileType = text.plist.xml; path = Info.plist; sourceTree = "<group>"; };
		5113AD16213BEDB600AA90B3 /* My First AppUITests.xctest */ = {isa = PBXFileReference; explicitFileType = wrapper.cfbundle; includeInIndex = 0; path = "My First AppUITests.xctest"; sourceTree = BUILT_PRODUCTS_DIR; };
		5113AD1A213BEDB600AA90B3 /* My_First_AppUITests.swift */ = {isa = PBXFileReference; lastKnownFileType = sourcecode.swift; path = My_First_AppUITests.swift; sourceTree = "<group>"; };
		5113AD1C213BEDB600AA90B3 /* Info.plist */ = {isa = PBXFileReference; lastKnownFileType = text.plist.xml; path = Info.plist; sourceTree = "<group>"; };
		5129A2B7213F22AB00C2E5FC /* RoundedButton.swift */ = {isa = PBXFileReference; lastKnownFileType = sourcecode.swift; path = RoundedButton.swift; sourceTree = "<group>"; };
/* End PBXFileReference section */

/* Begin PBXFrameworksBuildPhase section */
		5113ACF4213BEDB200AA90B3 /* Frameworks */ = {
			isa = PBXFrameworksBuildPhase;
			buildActionMask = 2147483647;
			files = (
			);
			runOnlyForDeploymentPostprocessing = 0;
		};
		5113AD08213BEDB600AA90B3 /* Frameworks */ = {
			isa = PBXFrameworksBuildPhase;
			buildActionMask = 2147483647;
			files = (
			);
			runOnlyForDeploymentPostprocessing = 0;
		};
		5113AD13213BEDB600AA90B3 /* Frameworks */ = {
			isa = PBXFrameworksBuildPhase;
			buildActionMask = 2147483647;
			files = (
			);
			runOnlyForDeploymentPostprocessing = 0;
		};
/* End PBXFrameworksBuildPhase section */

/* Begin PBXGroup section */
		5113ACEE213BEDB200AA90B3 = {
			isa = PBXGroup;
			children = (
				5113ACF9213BEDB200AA90B3 /* My First App */,
				5113AD0E213BEDB600AA90B3 /* My First AppTests */,
				5113AD19213BEDB600AA90B3 /* My First AppUITests */,
				5113ACF8213BEDB200AA90B3 /* Products */,
			);
			sourceTree = "<group>";
		};
		5113ACF8213BEDB200AA90B3 /* Products */ = {
			isa = PBXGroup;
			children = (
				5113ACF7213BEDB200AA90B3 /* My First App.app */,
				5113AD0B213BEDB600AA90B3 /* My First AppTests.xctest */,
				5113AD16213BEDB600AA90B3 /* My First AppUITests.xctest */,
			);
			name = Products;
			sourceTree = "<group>";
		};
		5113ACF9213BEDB200AA90B3 /* My First App */ = {
			isa = PBXGroup;
			children = (
				5113ACFA213BEDB200AA90B3 /* AppDelegate.swift */,
				5113ACFC213BEDB200AA90B3 /* ViewController.swift */,
				5113ACFE213BEDB200AA90B3 /* Main.storyboard */,
				5113AD01213BEDB500AA90B3 /* Assets.xcassets */,
				5113AD03213BEDB500AA90B3 /* LaunchScreen.storyboard */,
				5113AD06213BEDB600AA90B3 /* Info.plist */,
				5129A2B7213F22AB00C2E5FC /* RoundedButton.swift */,
			);
			path = "My First App";
			sourceTree = "<group>";
		};
		5113AD0E213BEDB600AA90B3 /* My First AppTests */ = {
			isa = PBXGroup;
			children = (
				5113AD0F213BEDB600AA90B3 /* My_First_AppTests.swift */,
				5113AD11213BEDB600AA90B3 /* Info.plist */,
			);
			path = "My First AppTests";
			sourceTree = "<group>";
		};
		5113AD19213BEDB600AA90B3 /* My First AppUITests */ = {
			isa = PBXGroup;
			children = (
				5113AD1A213BEDB600AA90B3 /* My_First_AppUITests.swift */,
				5113AD1C213BEDB600AA90B3 /* Info.plist */,
			);
			path = "My First AppUITests";
			sourceTree = "<group>";
		};
/* End PBXGroup section */

/* Begin PBXNativeTarget section */
		5113ACF6213BEDB200AA90B3 /* My First App */ = {
			isa = PBXNativeTarget;
			buildConfigurationList = 5113AD1F213BEDB600AA90B3 /* Build configuration list for PBXNativeTarget "My First App" */;
			buildPhases = (
				5113ACF3213BEDB200AA90B3 /* Sources */,
				5113ACF4213BEDB200AA90B3 /* Frameworks */,
				5113ACF5213BEDB200AA90B3 /* Resources */,
			);
			buildRules = (
			);
			dependencies = (
			);
			name = "My First App";
			productName = "My First App";
			productReference = 5113ACF7213BEDB200AA90B3 /* My First App.app */;
			productType = "com.apple.product-type.application";
		};
		5113AD0A213BEDB600AA90B3 /* My First AppTests */ = {
			isa = PBXNativeTarget;
			buildConfigurationList = 5113AD22213BEDB600AA90B3 /* Build configuration list for PBXNativeTarget "My First AppTests" */;
			buildPhases = (
				5113AD07213BEDB600AA90B3 /* Sources */,
				5113AD08213BEDB600AA90B3 /* Frameworks */,
				5113AD09213BEDB600AA90B3 /* Resources */,
			);
			buildRules = (
			);
			dependencies = (
				5113AD0D213BEDB600AA90B3 /* PBXTargetDependency */,
			);
			name = "My First AppTests";
			productName = "My First AppTests";
			productReference = 5113AD0B213BEDB600AA90B3 /* My First AppTests.xctest */;
			productType = "com.apple.product-type.bundle.unit-test";
		};
		5113AD15213BEDB600AA90B3 /* My First AppUITests */ = {
			isa = PBXNativeTarget;
			buildConfigurationList = 5113AD25213BEDB600AA90B3 /* Build configuration list for PBXNativeTarget "My First AppUITests" */;
			buildPhases = (
				5113AD12213BEDB600AA90B3 /* Sources */,
				5113AD13213BEDB600AA90B3 /* Frameworks */,
				5113AD14213BEDB600AA90B3 /* Resources */,
			);
			buildRules = (
			);
			dependencies = (
				5113AD18213BEDB600AA90B3 /* PBXTargetDependency */,
			);
			name = "My First AppUITests";
			productName = "My First AppUITests";
			productReference = 5113AD16213BEDB600AA90B3 /* My First AppUITests.xctest */;
			productType = "com.apple.product-type.bundle.ui-testing";
		};
/* End PBXNativeTarget section */

/* Begin PBXProject section */
		5113ACEF213BEDB200AA90B3 /* Project object */ = {
			isa = PBXProject;
			attributes = {
				LastSwiftUpdateCheck = 1000;
				LastUpgradeCheck = 1000;
				ORGANIZATIONNAME = "Sebastian Vogel";
				TargetAttributes = {
					5113ACF6213BEDB200AA90B3 = {
						CreatedOnToolsVersion = 10.0;
					};
					5113AD0A213BEDB600AA90B3 = {
						CreatedOnToolsVersion = 10.0;
						TestTargetID = 5113ACF6213BEDB200AA90B3;
					};
					5113AD15213BEDB600AA90B3 = {
						CreatedOnToolsVersion = 10.0;
						TestTargetID = 5113ACF6213BEDB200AA90B3;
					};
				};
			};
			buildConfigurationList = 5113ACF2213BEDB200AA90B3 /* Build configuration list for PBXProject "My First App" */;
			compatibilityVersion = "Xcode 9.3";
			developmentRegion = en;
			hasScannedForEncodings = 0;
			knownRegions = (
				en,
				Base,
			);
			mainGroup = 5113ACEE213BEDB200AA90B3;
			productRefGroup = 5113ACF8213BEDB200AA90B3 /* Products */;
			projectDirPath = "";
			projectRoot = "";
			targets = (
				5113ACF6213BEDB200AA90B3 /* My First App */,
				5113AD0A213BEDB600AA90B3 /* My First AppTests */,
				5113AD15213BEDB600AA90B3 /* My First AppUITests */,
			);
		};
/* End PBXProject section */

/* Begin PBXResourcesBuildPhase section */
		5113ACF5213BEDB200AA90B3 /* Resources */ = {
			isa = PBXResourcesBuildPhase;
			buildActionMask = 2147483647;
			files = (
				5113AD05213BEDB500AA90B3 /* LaunchScreen.storyboard in Resources */,
				5113AD02213BEDB500AA90B3 /* Assets.xcassets in Resources */,
				5113AD00213BEDB200AA90B3 /* Main.storyboard in Resources */,
			);
			runOnlyForDeploymentPostprocessing = 0;
		};
		5113AD09213BEDB600AA90B3 /* Resources */ = {
			isa = PBXResourcesBuildPhase;
			buildActionMask = 2147483647;
			files = (
			);
			runOnlyForDeploymentPostprocessing = 0;
		};
		5113AD14213BEDB600AA90B3 /* Resources */ = {
			isa = PBXResourcesBuildPhase;
			buildActionMask = 2147483647;
			files = (
			);
			runOnlyForDeploymentPostprocessing = 0;
		};
/* End PBXResourcesBuildPhase section */

/* Begin PBXSourcesBuildPhase section */
		5113ACF3213BEDB200AA90B3 /* Sources */ = {
			isa = PBXSourcesBuildPhase;
			buildActionMask = 2147483647;
			files = (
				5113ACFD213BEDB200AA90B3 /* ViewController.swift in Sources */,
				5129A2B8213F22AB00C2E5FC /* RoundedButton.swift in Sources */,
				5113ACFB213BEDB200AA90B3 /* AppDelegate.swift in Sources */,
			);
			runOnlyForDeploymentPostprocessing = 0;
		};
		5113AD07213BEDB600AA90B3 /* Sources */ = {
			isa = PBXSourcesBuildPhase;
			buildActionMask = 2147483647;
			files = (
				5113AD10213BEDB600AA90B3 /* My_First_AppTests.swift in Sources */,
			);
			runOnlyForDeploymentPostprocessing = 0;
		};
		5113AD12213BEDB600AA90B3 /* Sources */ = {
			isa = PBXSourcesBuildPhase;
			buildActionMask = 2147483647;
			files = (
				5113AD1B213BEDB600AA90B3 /* My_First_AppUITests.swift in Sources */,
			);
			runOnlyForDeploymentPostprocessing = 0;
		};
/* End PBXSourcesBuildPhase section */

/* Begin PBXTargetDependency section */
		5113AD0D213BEDB600AA90B3 /* PBXTargetDependency */ = {
			isa = PBXTargetDependency;
			target = 5113ACF6213BEDB200AA90B3 /* My First App */;
			targetProxy = 5113AD0C213BEDB600AA90B3 /* PBXContainerItemProxy */;
		};
		5113AD18213BEDB600AA90B3 /* PBXTargetDependency */ = {
			isa = PBXTargetDependency;
			target = 5113ACF6213BEDB200AA90B3 /* My First App */;
			targetProxy = 5113AD17213BEDB600AA90B3 /* PBXContainerItemProxy */;
		};
/* End PBXTargetDependency section */

/* Begin PBXVariantGroup section */
		5113ACFE213BEDB200AA90B3 /* Main.storyboard */ = {
			isa = PBXVariantGroup;
			children = (
				5113ACFF213BEDB200AA90B3 /* Base */,
			);
			name = Main.storyboard;
			sourceTree = "<group>";
		};
		5113AD03213BEDB500AA90B3 /* LaunchScreen.storyboard */ = {
			isa = PBXVariantGroup;
			children = (
				5113AD04213BEDB500AA90B3 /* Base */,
			);
			name = LaunchScreen.storyboard;
			sourceTree = "<group>";
		};
/* End PBXVariantGroup section */

/* Begin XCBuildConfiguration section */
		5113AD1D213BEDB600AA90B3 /* Debug */ = {
			isa = XCBuildConfiguration;
			buildSettings = {
				ALWAYS_SEARCH_USER_PATHS = NO;
				CLANG_ANALYZER_NONNULL = YES;
				CLANG_ANALYZER_NUMBER_OBJECT_CONVERSION = YES_AGGRESSIVE;
				CLANG_CXX_LANGUAGE_STANDARD = "gnu++14";
				CLANG_CXX_LIBRARY = "libc++";
				CLANG_ENABLE_MODULES = YES;
				CLANG_ENABLE_OBJC_ARC = YES;
				CLANG_ENABLE_OBJC_WEAK = YES;
				CLANG_WARN_BLOCK_CAPTURE_AUTORELEASING = YES;
				CLANG_WARN_BOOL_CONVERSION = YES;
				CLANG_WARN_COMMA = YES;
				CLANG_WARN_CONSTANT_CONVERSION = YES;
				CLANG_WARN_DEPRECATED_OBJC_IMPLEMENTATIONS = YES;
				CLANG_WARN_DIRECT_OBJC_ISA_USAGE = YES_ERROR;
				CLANG_WARN_DOCUMENTATION_COMMENTS = YES;
				CLANG_WARN_EMPTY_BODY = YES;
				CLANG_WARN_ENUM_CONVERSION = YES;
				CLANG_WARN_INFINITE_RECURSION = YES;
				CLANG_WARN_INT_CONVERSION = YES;
				CLANG_WARN_NON_LITERAL_NULL_CONVERSION = YES;
				CLANG_WARN_OBJC_IMPLICIT_RETAIN_SELF = YES;
				CLANG_WARN_OBJC_LITERAL_CONVERSION = YES;
				CLANG_WARN_OBJC_ROOT_CLASS = YES_ERROR;
				CLANG_WARN_RANGE_LOOP_ANALYSIS = YES;
				CLANG_WARN_STRICT_PROTOTYPES = YES;
				CLANG_WARN_SUSPICIOUS_MOVE = YES;
				CLANG_WARN_UNGUARDED_AVAILABILITY = YES_AGGRESSIVE;
				CLANG_WARN_UNREACHABLE_CODE = YES;
				CLANG_WARN__DUPLICATE_METHOD_MATCH = YES;
				CODE_SIGN_IDENTITY = "iPhone Developer";
				COPY_PHASE_STRIP = NO;
				DEBUG_INFORMATION_FORMAT = dwarf;
				ENABLE_STRICT_OBJC_MSGSEND = YES;
				ENABLE_TESTABILITY = YES;
				GCC_C_LANGUAGE_STANDARD = gnu11;
				GCC_DYNAMIC_NO_PIC = NO;
				GCC_NO_COMMON_BLOCKS = YES;
				GCC_OPTIMIZATION_LEVEL = 0;
				GCC_PREPROCESSOR_DEFINITIONS = (
					"DEBUG=1",
					"$(inherited)",
				);
				GCC_WARN_64_TO_32_BIT_CONVERSION = YES;
				GCC_WARN_ABOUT_RETURN_TYPE = YES_ERROR;
				GCC_WARN_UNDECLARED_SELECTOR = YES;
				GCC_WARN_UNINITIALIZED_AUTOS = YES_AGGRESSIVE;
				GCC_WARN_UNUSED_FUNCTION = YES;
				GCC_WARN_UNUSED_VARIABLE = YES;
				IPHONEOS_DEPLOYMENT_TARGET = 12.0;
				MTL_ENABLE_DEBUG_INFO = INCLUDE_SOURCE;
				ONLY_ACTIVE_ARCH = YES;
				SDKROOT = iphoneos;
				SWIFT_ACTIVE_COMPILATION_CONDITIONS = DEBUG;
				SWIFT_OPTIMIZATION_LEVEL = "-Onone";
			};
			name = Debug;
		};
		5113AD1E213BEDB600AA90B3 /* Release */ = {
			isa = XCBuildConfiguration;
			buildSettings = {
				ALWAYS_SEARCH_USER_PATHS = NO;
				CLANG_ANALYZER_NONNULL = YES;
				CLANG_ANALYZER_NUMBER_OBJECT_CONVERSION = YES_AGGRESSIVE;
				CLANG_CXX_LANGUAGE_STANDARD = "gnu++14";
				CLANG_CXX_LIBRARY = "libc++";
				CLANG_ENABLE_MODULES = YES;
				CLANG_ENABLE_OBJC_ARC = YES;
				CLANG_ENABLE_OBJC_WEAK = YES;
				CLANG_WARN_BLOCK_CAPTURE_AUTORELEASING = YES;
				CLANG_WARN_BOOL_CONVERSION = YES;
				CLANG_WARN_COMMA = YES;
				CLANG_WARN_CONSTANT_CONVERSION = YES;
				CLANG_WARN_DEPRECATED_OBJC_IMPLEMENTATIONS = YES;
				CLANG_WARN_DIRECT_OBJC_ISA_USAGE = YES_ERROR;
				CLANG_WARN_DOCUMENTATION_COMMENTS = YES;
				CLANG_WARN_EMPTY_BODY = YES;
				CLANG_WARN_ENUM_CONVERSION = YES;
				CLANG_WARN_INFINITE_RECURSION = YES;
				CLANG_WARN_INT_CONVERSION = YES;
				CLANG_WARN_NON_LITERAL_NULL_CONVERSION = YES;
				CLANG_WARN_OBJC_IMPLICIT_RETAIN_SELF = YES;
				CLANG_WARN_OBJC_LITERAL_CONVERSION = YES;
				CLANG_WARN_OBJC_ROOT_CLASS = YES_ERROR;
				CLANG_WARN_RANGE_LOOP_ANALYSIS = YES;
				CLANG_WARN_STRICT_PROTOTYPES = YES;
				CLANG_WARN_SUSPICIOUS_MOVE = YES;
				CLANG_WARN_UNGUARDED_AVAILABILITY = YES_AGGRESSIVE;
				CLANG_WARN_UNREACHABLE_CODE = YES;
				CLANG_WARN__DUPLICATE_METHOD_MATCH = YES;
				CODE_SIGN_IDENTITY = "iPhone Developer";
				COPY_PHASE_STRIP = NO;
				DEBUG_INFORMATION_FORMAT = "dwarf-with-dsym";
				ENABLE_NS_ASSERTIONS = NO;
				ENABLE_STRICT_OBJC_MSGSEND = YES;
				GCC_C_LANGUAGE_STANDARD = gnu11;
				GCC_NO_COMMON_BLOCKS = YES;
				GCC_WARN_64_TO_32_BIT_CONVERSION = YES;
				GCC_WARN_ABOUT_RETURN_TYPE = YES_ERROR;
				GCC_WARN_UNDECLARED_SELECTOR = YES;
				GCC_WARN_UNINITIALIZED_AUTOS = YES_AGGRESSIVE;
				GCC_WARN_UNUSED_FUNCTION = YES;
				GCC_WARN_UNUSED_VARIABLE = YES;
				IPHONEOS_DEPLOYMENT_TARGET = 12.0;
				MTL_ENABLE_DEBUG_INFO = NO;
				SDKROOT = iphoneos;
				SWIFT_COMPILATION_MODE = wholemodule;
				SWIFT_OPTIMIZATION_LEVEL = "-O";
				VALIDATE_PRODUCT = YES;
			};
			name = Release;
		};
		5113AD20213BEDB600AA90B3 /* Debug */ = {
			isa = XCBuildConfiguration;
			buildSettings = {
				ASSETCATALOG_COMPILER_APPICON_NAME = AppIcon;
				CODE_SIGN_STYLE = Automatic;
				DEVELOPMENT_TEAM = 43BN6R4X4X;
				INFOPLIST_FILE = "My First App/Info.plist";
				LD_RUNPATH_SEARCH_PATHS = (
					"$(inherited)",
					"@executable_path/Frameworks",
				);
				PRODUCT_BUNDLE_IDENTIFIER = "SV.My-First-App";
				PRODUCT_NAME = "$(TARGET_NAME)";
				SWIFT_VERSION = 4.2;
				TARGETED_DEVICE_FAMILY = "1,2";
			};
			name = Debug;
		};
		5113AD21213BEDB600AA90B3 /* Release */ = {
			isa = XCBuildConfiguration;
			buildSettings = {
				ASSETCATALOG_COMPILER_APPICON_NAME = AppIcon;
				CODE_SIGN_STYLE = Automatic;
				DEVELOPMENT_TEAM = 43BN6R4X4X;
				INFOPLIST_FILE = "My First App/Info.plist";
				LD_RUNPATH_SEARCH_PATHS = (
					"$(inherited)",
					"@executable_path/Frameworks",
				);
				PRODUCT_BUNDLE_IDENTIFIER = "SV.My-First-App";
				PRODUCT_NAME = "$(TARGET_NAME)";
				SWIFT_VERSION = 4.2;
				TARGETED_DEVICE_FAMILY = "1,2";
			};
			name = Release;
		};
		5113AD23213BEDB600AA90B3 /* Debug */ = {
			isa = XCBuildConfiguration;
			buildSettings = {
				ALWAYS_EMBED_SWIFT_STANDARD_LIBRARIES = YES;
				BUNDLE_LOADER = "$(TEST_HOST)";
				CODE_SIGN_STYLE = Automatic;
				INFOPLIST_FILE = "My First AppTests/Info.plist";
				LD_RUNPATH_SEARCH_PATHS = (
					"$(inherited)",
					"@executable_path/Frameworks",
					"@loader_path/Frameworks",
				);
				PRODUCT_BUNDLE_IDENTIFIER = "SV.My-First-AppTests";
				PRODUCT_NAME = "$(TARGET_NAME)";
				SWIFT_VERSION = 4.2;
				TARGETED_DEVICE_FAMILY = "1,2";
				TEST_HOST = "$(BUILT_PRODUCTS_DIR)/My First App.app/My First App";
			};
			name = Debug;
		};
		5113AD24213BEDB600AA90B3 /* Release */ = {
			isa = XCBuildConfiguration;
			buildSettings = {
				ALWAYS_EMBED_SWIFT_STANDARD_LIBRARIES = YES;
				BUNDLE_LOADER = "$(TEST_HOST)";
				CODE_SIGN_STYLE = Automatic;
				INFOPLIST_FILE = "My First AppTests/Info.plist";
				LD_RUNPATH_SEARCH_PATHS = (
					"$(inherited)",
					"@executable_path/Frameworks",
					"@loader_path/Frameworks",
				);
				PRODUCT_BUNDLE_IDENTIFIER = "SV.My-First-AppTests";
				PRODUCT_NAME = "$(TARGET_NAME)";
				SWIFT_VERSION = 4.2;
				TARGETED_DEVICE_FAMILY = "1,2";
				TEST_HOST = "$(BUILT_PRODUCTS_DIR)/My First App.app/My First App";
			};
			name = Release;
		};
		5113AD26213BEDB600AA90B3 /* Debug */ = {
			isa = XCBuildConfiguration;
			buildSettings = {
				ALWAYS_EMBED_SWIFT_STANDARD_LIBRARIES = YES;
				CODE_SIGN_STYLE = Automatic;
				INFOPLIST_FILE = "My First AppUITests/Info.plist";
				LD_RUNPATH_SEARCH_PATHS = (
					"$(inherited)",
					"@executable_path/Frameworks",
					"@loader_path/Frameworks",
				);
				PRODUCT_BUNDLE_IDENTIFIER = "SV.My-First-AppUITests";
				PRODUCT_NAME = "$(TARGET_NAME)";
				SWIFT_VERSION = 4.2;
				TARGETED_DEVICE_FAMILY = "1,2";
				TEST_TARGET_NAME = "My First App";
			};
			name = Debug;
		};
		5113AD27213BEDB600AA90B3 /* Release */ = {
			isa = XCBuildConfiguration;
			buildSettings = {
				ALWAYS_EMBED_SWIFT_STANDARD_LIBRARIES = YES;
				CODE_SIGN_STYLE = Automatic;
				INFOPLIST_FILE = "My First AppUITests/Info.plist";
				LD_RUNPATH_SEARCH_PATHS = (
					"$(inherited)",
					"@executable_path/Frameworks",
					"@loader_path/Frameworks",
				);
				PRODUCT_BUNDLE_IDENTIFIER = "SV.My-First-AppUITests";
				PRODUCT_NAME = "$(TARGET_NAME)";
				SWIFT_VERSION = 4.2;
				TARGETED_DEVICE_FAMILY = "1,2";
				TEST_TARGET_NAME = "My First App";
			};
			name = Release;
		};
/* End XCBuildConfiguration section */

/* Begin XCConfigurationList section */
		5113ACF2213BEDB200AA90B3 /* Build configuration list for PBXProject "My First App" */ = {
			isa = XCConfigurationList;
			buildConfigurations = (
				5113AD1D213BEDB600AA90B3 /* Debug */,
				5113AD1E213BEDB600AA90B3 /* Release */,
			);
			defaultConfigurationIsVisible = 0;
			defaultConfigurationName = Release;
		};
		5113AD1F213BEDB600AA90B3 /* Build configuration list for PBXNativeTarget "My First App" */ = {
			isa = XCConfigurationList;
			buildConfigurations = (
				5113AD20213BEDB600AA90B3 /* Debug */,
				5113AD21213BEDB600AA90B3 /* Release */,
			);
			defaultConfigurationIsVisible = 0;
			defaultConfigurationName = Release;
		};
		5113AD22213BEDB600AA90B3 /* Build configuration list for PBXNativeTarget "My First AppTests" */ = {
			isa = XCConfigurationList;
			buildConfigurations = (
				5113AD23213BEDB600AA90B3 /* Debug */,
				5113AD24213BEDB600AA90B3 /* Release */,
			);
			defaultConfigurationIsVisible = 0;
			defaultConfigurationName = Release;
		};
		5113AD25213BEDB600AA90B3 /* Build configuration list for PBXNativeTarget "My First AppUITests" */ = {
			isa = XCConfigurationList;
			buildConfigurations = (
				5113AD26213BEDB600AA90B3 /* Debug */,
				5113AD27213BEDB600AA90B3 /* Release */,
			);
			defaultConfigurationIsVisible = 0;
			defaultConfigurationName = Release;
		};
/* End XCConfigurationList section */
	};
	rootObject = 5113ACEF213BEDB200AA90B3 /* Project object */;
}
